
Microsoft Visual Studio Solution File, Format Version 11.00
# Visual Studio 2010
Project("{FAE04EC0-301F-11D3-BF4B-00C04F79EFBC}") = "MasalaBreda", "MasalaBreda\MasalaBreda.csproj", "{4D8F0EF0-9E75-4F17-BDF9-A61C8D5DA156}"
EndProject
Global
	GlobalSection(SolutionConfigurationPlatforms) = preSolution
		Debug|Any CPU = Debug|Any CPU
		Release|Any CPU = Release|Any CPU
	EndGlobalSection
	GlobalSection(ProjectConfigurationPlatforms) = postSolution
		{4D8F0EF0-9E75-4F17-BDF9-A61C8D5DA156}.Debug|Any CPU.ActiveCfg = Debug|Any CPU
		{4D8F0EF0-9E75-4F17-BDF9-A61C8D5DA156}.Debug|Any CPU.Build.0 = Debug|Any CPU
		{4D8F0EF0-9E75-4F17-BDF9-A61C8D5DA156}.Release|Any CPU.ActiveCfg = Release|Any CPU
		{4D8F0EF0-9E75-4F17-BDF9-A61C8D5DA156}.Release|Any CPU.Build.0 = Release|Any CPU
	EndGlobalSection
	GlobalSection(SolutionProperties) = preSolution
		HideSolutionNode = FALSE
	EndGlobalSection
EndGlobal
